<?xml version="1.0" encoding="utf-8"?>
<Project ToolsVersion="4.0" xmlns="http://schemas.microsoft.com/developer/msbuild/2003">
  <ItemGroup>
    <Filter Include="win32">
      <UniqueIdentifier>{84a8ebd7-7cf0-47f6-b75e-d441df67da40}</UniqueIdentifier>
    </Filter>
    <Filter Include="resource">
      <UniqueIdentifier>{715254bc-d70b-4ec5-bf29-467dd3ace079}</UniqueIdentifier>
    </Filter>
    <Filter Include="src">
      <UniqueIdentifier>{bb6c862e-70e9-49d9-81b7-3829a6f50471}</UniqueIdentifier>
    </Filter>
    <Filter Include="src\configs">
      <UniqueIdentifier>{cc1ce7a9-e8bd-4a61-9156-a1821954c61c}</UniqueIdentifier>
    </Filter>
    <Filter Include="src\models">
      <UniqueIdentifier>{5ff94bba-c963-4f55-81b4-72c73ab9c1fd}</UniqueIdentifier>
    </Filter>
    <Filter Include="src\views">
      <UniqueIdentifier>{318adb28-a963-4985-b18b-87fbaebbf2bd}</UniqueIdentifier>
    </Filter>
    <Filter Include="src\controllers">
      <UniqueIdentifier>{2dfe3d68-8f6c-42ac-8f9a-e79ed2ab89c0}</UniqueIdentifier>
    </Filter>
    <Filter Include="src\managers">
      <UniqueIdentifier>{e2558e49-249c-4b63-a117-f58a707f1de7}</UniqueIdentifier>
    </Filter>
    <Filter Include="src\utils">
      <UniqueIdentifier>{7b04fd63-0a5e-4f0e-a80e-5b18c383545f}</UniqueIdentifier>
    </Filter>
    <Filter Include="src\services">
      <UniqueIdentifier>{773b484f-5c9d-4117-a69b-8b227c58830a}</UniqueIdentifier>
    </Filter>
  </ItemGroup>
  <ItemGroup>
    <ClCompile Include="main.cpp">
      <Filter>win32</Filter>
    </ClCompile>
    <ClCompile Include="..\Classes\AppDelegate.cpp">
      <Filter>src</Filter>
    </ClCompile>
    <ClCompile Include="..\Classes\models\UndoModel.cpp">
      <Filter>src\models</Filter>
    </ClCompile>
    <ClCompile Include="..\Classes\managers\UndoManager.cpp">
      <Filter>src\managers</Filter>
    </ClCompile>
    <ClCompile Include="..\Classes\models\GameModel.cpp">
      <Filter>src\models</Filter>
    </ClCompile>
    <ClCompile Include="..\Classes\models\CardModel.cpp">
      <Filter>src\models</Filter>
    </ClCompile>
    <ClCompile Include="..\Classes\views\CardView.cpp">
      <Filter>src\views</Filter>
    </ClCompile>
    <ClCompile Include="..\Classes\utils\CardResUtils.cpp">
      <Filter>src\utils</Filter>
    </ClCompile>
    <ClCompile Include="..\Classes\controllers\GameController.cpp">
      <Filter>src\controllers</Filter>
    </ClCompile>
    <ClCompile Include="..\Classes\views\GameView.cpp">
      <Filter>src\views</Filter>
    </ClCompile>
    <ClCompile Include="..\Classes\configs\LevelConfigLoader.cpp">
      <Filter>src\configs</Filter>
    </ClCompile>
    <ClCompile Include="..\Classes\services\GameModelGenerator.cpp">
      <Filter>src\services</Filter>
    </ClCompile>
    <ClCompile Include="..\Classes\services\CardMatchService.cpp">
      <Filter>src\services</Filter>
    </ClCompile>
  </ItemGroup>
  <ItemGroup>
    <ClInclude Include="main.h">
      <Filter>win32</Filter>
    </ClInclude>
    <ClInclude Include="..\Classes\AppDelegate.h">
      <Filter>src</Filter>
    </ClInclude>
    <ClInclude Include="..\Classes\models\UndoModel.h">
      <Filter>src\models</Filter>
    </ClInclude>
    <ClInclude Include="..\Classes\managers\UndoManager.h">
      <Filter>src\managers</Filter>
    </ClInclude>
    <ClInclude Include="..\Classes\views\GameView.h">
      <Filter>src\views</Filter>
    </ClInclude>
    <ClInclude Include="..\Classes\models\GameModel.h">
      <Filter>src\models</Filter>
    </ClInclude>
    <ClInclude Include="..\Classes\models\CardModel.h">
      <Filter>src\models</Filter>
    </ClInclude>
    <ClInclude Include="..\Classes\views\CardView.h">
      <Filter>src\views</Filter>
    </ClInclude>
    <ClInclude Include="..\Classes\utils\CardResUtils.h">
      <Filter>src\utils</Filter>
    </ClInclude>
    <ClInclude Include="..\Classes\controllers\GameController.h">
      <Filter>src\controllers</Filter>
    </ClInclude>
    <ClInclude Include="..\Classes\configs\LevelConfigLoader.h">
      <Filter>src\configs</Filter>
    </ClInclude>
    <ClInclude Include="..\Classes\services\GameModelGenerator.h">
      <Filter>src\services</Filter>
    </ClInclude>
    <ClInclude Include="..\Classes\configs\LevelConfig.h">
      <Filter>src\configs</Filter>
    </ClInclude>
    <ClInclude Include="..\Classes\services\CardMatchService.h">
      <Filter>src\services</Filter>
    </ClInclude>
  </ItemGroup>
  <ItemGroup>
    <ResourceCompile Include="game.rc">
      <Filter>resource</Filter>
    </ResourceCompile>
  </ItemGroup>
</Project>